
Microsoft Visual Studio Solution File, Format Version 12.00
# Visual Studio Version 17
VisualStudioVersion = 17.10.35004.147
MinimumVisualStudioVersion = 10.0.40219.1
Project("{FAE04EC0-301F-11D3-BF4B-00C04F79EFBC}") = "task 6", "task 6\task 6.csproj", "{DBF47523-923B-41CD-912B-8737F0B05F10}"
EndProject
Global
	GlobalSection(SolutionConfigurationPlatforms) = preSolution
		Debug|Any CPU = Debug|Any CPU
		Release|Any CPU = Release|Any CPU
	EndGlobalSection
	GlobalSection(ProjectConfigurationPlatforms) = postSolution
		{DBF47523-923B-41CD-912B-8737F0B05F10}.Debug|Any CPU.ActiveCfg = Debug|Any CPU
		{DBF47523-923B-41CD-912B-8737F0B05F10}.Debug|Any CPU.Build.0 = Debug|Any CPU
		{DBF47523-923B-41CD-912B-8737F0B05F10}.Release|Any CPU.ActiveCfg = Release|Any CPU
		{DBF47523-923B-41CD-912B-8737F0B05F10}.Release|Any CPU.Build.0 = Release|Any CPU
	EndGlobalSection
	GlobalSection(SolutionProperties) = preSolution
		HideSolutionNode = FALSE
	EndGlobalSection
	GlobalSection(ExtensibilityGlobals) = postSolution
		SolutionGuid = {0C0A53F3-4016-4762-8A8F-309D9F502693}
	EndGlobalSection
EndGlobal
