
Microsoft Visual Studio Solution File, Format Version 12.00
# Visual Studio Version 17
VisualStudioVersion = 17.10.35004.147
MinimumVisualStudioVersion = 10.0.40219.1
Project("{FAE04EC0-301F-11D3-BF4B-00C04F79EFBC}") = "task 5", "task 5\task 5.csproj", "{713A949D-9091-4075-BBB6-88531B41FD0C}"
EndProject
Global
	GlobalSection(SolutionConfigurationPlatforms) = preSolution
		Debug|Any CPU = Debug|Any CPU
		Release|Any CPU = Release|Any CPU
	EndGlobalSection
	GlobalSection(ProjectConfigurationPlatforms) = postSolution
		{713A949D-9091-4075-BBB6-88531B41FD0C}.Debug|Any CPU.ActiveCfg = Debug|Any CPU
		{713A949D-9091-4075-BBB6-88531B41FD0C}.Debug|Any CPU.Build.0 = Debug|Any CPU
		{713A949D-9091-4075-BBB6-88531B41FD0C}.Release|Any CPU.ActiveCfg = Release|Any CPU
		{713A949D-9091-4075-BBB6-88531B41FD0C}.Release|Any CPU.Build.0 = Release|Any CPU
	EndGlobalSection
	GlobalSection(SolutionProperties) = preSolution
		HideSolutionNode = FALSE
	EndGlobalSection
	GlobalSection(ExtensibilityGlobals) = postSolution
		SolutionGuid = {B69670CF-9666-4781-AA80-5862014450DF}
	EndGlobalSection
EndGlobal
