
Microsoft Visual Studio Solution File, Format Version 12.00
# Visual Studio Version 17
VisualStudioVersion = 17.10.35004.147
MinimumVisualStudioVersion = 10.0.40219.1
Project("{FAE04EC0-301F-11D3-BF4B-00C04F79EFBC}") = "task 4", "task 4\task 4.csproj", "{D72B3876-916A-4FC6-A87A-D85EFDCA0FA5}"
EndProject
Global
	GlobalSection(SolutionConfigurationPlatforms) = preSolution
		Debug|Any CPU = Debug|Any CPU
		Release|Any CPU = Release|Any CPU
	EndGlobalSection
	GlobalSection(ProjectConfigurationPlatforms) = postSolution
		{D72B3876-916A-4FC6-A87A-D85EFDCA0FA5}.Debug|Any CPU.ActiveCfg = Debug|Any CPU
		{D72B3876-916A-4FC6-A87A-D85EFDCA0FA5}.Debug|Any CPU.Build.0 = Debug|Any CPU
		{D72B3876-916A-4FC6-A87A-D85EFDCA0FA5}.Release|Any CPU.ActiveCfg = Release|Any CPU
		{D72B3876-916A-4FC6-A87A-D85EFDCA0FA5}.Release|Any CPU.Build.0 = Release|Any CPU
	EndGlobalSection
	GlobalSection(SolutionProperties) = preSolution
		HideSolutionNode = FALSE
	EndGlobalSection
	GlobalSection(ExtensibilityGlobals) = postSolution
		SolutionGuid = {47C2BF29-7A0E-4B47-9E49-6392C979CFC6}
	EndGlobalSection
EndGlobal
