
Microsoft Visual Studio Solution File, Format Version 12.00
# Visual Studio Version 17
VisualStudioVersion = 17.10.35004.147
MinimumVisualStudioVersion = 10.0.40219.1
Project("{FAE04EC0-301F-11D3-BF4B-00C04F79EFBC}") = "task 8", "task 8\task 8.csproj", "{4EFBCF9E-9F95-4378-9440-13369397FF9D}"
EndProject
Global
	GlobalSection(SolutionConfigurationPlatforms) = preSolution
		Debug|Any CPU = Debug|Any CPU
		Release|Any CPU = Release|Any CPU
	EndGlobalSection
	GlobalSection(ProjectConfigurationPlatforms) = postSolution
		{4EFBCF9E-9F95-4378-9440-13369397FF9D}.Debug|Any CPU.ActiveCfg = Debug|Any CPU
		{4EFBCF9E-9F95-4378-9440-13369397FF9D}.Debug|Any CPU.Build.0 = Debug|Any CPU
		{4EFBCF9E-9F95-4378-9440-13369397FF9D}.Release|Any CPU.ActiveCfg = Release|Any CPU
		{4EFBCF9E-9F95-4378-9440-13369397FF9D}.Release|Any CPU.Build.0 = Release|Any CPU
	EndGlobalSection
	GlobalSection(SolutionProperties) = preSolution
		HideSolutionNode = FALSE
	EndGlobalSection
	GlobalSection(ExtensibilityGlobals) = postSolution
		SolutionGuid = {EA5C40F7-EE0A-4119-A566-1B8E53871C17}
	EndGlobalSection
EndGlobal
